
Microsoft Visual Studio Solution File, Format Version 12.00
# Visual Studio Version 16
VisualStudioVersion = 16.0.29324.140
MinimumVisualStudioVersion = 10.0.40219.1
Project("{FAE04EC0-301F-11D3-BF4B-00C04F79EFBC}") = "AdventOfCode", "AdventOfCode\AdventOfCode.csproj", "{54344391-385D-443E-89D6-4E7EE797E864}"
EndProject
Project("{FAE04EC0-301F-11D3-BF4B-00C04F79EFBC}") = "AdventOfCodeTests", "AdventOfCodeTests\AdventOfCodeTests.csproj", "{8E44059C-F95D-4688-BC4A-4A6FD4F08B01}"
EndProject
Global
	GlobalSection(SolutionConfigurationPlatforms) = preSolution
		Debug|Any CPU = Debug|Any CPU
		Release|Any CPU = Release|Any CPU
	EndGlobalSection
	GlobalSection(ProjectConfigurationPlatforms) = postSolution
		{54344391-385D-443E-89D6-4E7EE797E864}.Debug|Any CPU.ActiveCfg = Debug|Any CPU
		{54344391-385D-443E-89D6-4E7EE797E864}.Debug|Any CPU.Build.0 = Debug|Any CPU
		{54344391-385D-443E-89D6-4E7EE797E864}.Release|Any CPU.ActiveCfg = Release|Any CPU
		{54344391-385D-443E-89D6-4E7EE797E864}.Release|Any CPU.Build.0 = Release|Any CPU
		{8E44059C-F95D-4688-BC4A-4A6FD4F08B01}.Debug|Any CPU.ActiveCfg = Debug|Any CPU
		{8E44059C-F95D-4688-BC4A-4A6FD4F08B01}.Debug|Any CPU.Build.0 = Debug|Any CPU
		{8E44059C-F95D-4688-BC4A-4A6FD4F08B01}.Release|Any CPU.ActiveCfg = Release|Any CPU
		{8E44059C-F95D-4688-BC4A-4A6FD4F08B01}.Release|Any CPU.Build.0 = Release|Any CPU
	EndGlobalSection
	GlobalSection(SolutionProperties) = preSolution
		HideSolutionNode = FALSE
	EndGlobalSection
	GlobalSection(ExtensibilityGlobals) = postSolution
		SolutionGuid = {52D66CEE-88BF-4C3E-A2BC-2205DEBF0F9F}
	EndGlobalSection
EndGlobal
